
Microsoft Visual Studio Solution File, Format Version 12.00
# Visual Studio Version 17
VisualStudioVersion = 17.9.34902.65
MinimumVisualStudioVersion = 10.0.40219.1
Project("{8BC9CEB8-8B4A-11D0-8D11-00A0C91BC942}") = "DRPGEngine", "DRPGEngine\DRPGEngine.vcxproj", "{13ADC1CC-C939-40C3-9409-0E87F7965751}"
EndProject
Global
	GlobalSection(SolutionConfigurationPlatforms) = preSolution
		Debug (Client)|x64 = Debug (Client)|x64
		Debug (Client)|x86 = Debug (Client)|x86
		Debug (Server)|x64 = Debug (Server)|x64
		Debug (Server)|x86 = Debug (Server)|x86
		Release (Client)|x64 = Release (Client)|x64
		Release (Client)|x86 = Release (Client)|x86
		Release (Server)|x64 = Release (Server)|x64
		Release (Server)|x86 = Release (Server)|x86
	EndGlobalSection
	GlobalSection(ProjectConfigurationPlatforms) = postSolution
		{13ADC1CC-C939-40C3-9409-0E87F7965751}.Debug (Client)|x64.ActiveCfg = Debug (Client)|x64
		{13ADC1CC-C939-40C3-9409-0E87F7965751}.Debug (Client)|x64.Build.0 = Debug (Client)|x64
		{13ADC1CC-C939-40C3-9409-0E87F7965751}.Debug (Client)|x86.ActiveCfg = Debug (Client)|Win32
		{13ADC1CC-C939-40C3-9409-0E87F7965751}.Debug (Client)|x86.Build.0 = Debug (Client)|Win32
		{13ADC1CC-C939-40C3-9409-0E87F7965751}.Debug (Server)|x64.ActiveCfg = Debug (Server)|x64
		{13ADC1CC-C939-40C3-9409-0E87F7965751}.Debug (Server)|x64.Build.0 = Debug (Server)|x64
		{13ADC1CC-C939-40C3-9409-0E87F7965751}.Debug (Server)|x86.ActiveCfg = Debug (Server)|Win32
		{13ADC1CC-C939-40C3-9409-0E87F7965751}.Debug (Server)|x86.Build.0 = Debug (Server)|Win32
		{13ADC1CC-C939-40C3-9409-0E87F7965751}.Release (Client)|x64.ActiveCfg = Release (Client)|x64
		{13ADC1CC-C939-40C3-9409-0E87F7965751}.Release (Client)|x64.Build.0 = Release (Client)|x64
		{13ADC1CC-C939-40C3-9409-0E87F7965751}.Release (Client)|x86.ActiveCfg = Release (Client)|Win32
		{13ADC1CC-C939-40C3-9409-0E87F7965751}.Release (Client)|x86.Build.0 = Release (Client)|Win32
		{13ADC1CC-C939-40C3-9409-0E87F7965751}.Release (Server)|x64.ActiveCfg = Release (Client)|x64
		{13ADC1CC-C939-40C3-9409-0E87F7965751}.Release (Server)|x64.Build.0 = Release (Client)|x64
		{13ADC1CC-C939-40C3-9409-0E87F7965751}.Release (Server)|x86.ActiveCfg = Release (Server)|Win32
		{13ADC1CC-C939-40C3-9409-0E87F7965751}.Release (Server)|x86.Build.0 = Release (Server)|Win32
	EndGlobalSection
	GlobalSection(SolutionProperties) = preSolution
		HideSolutionNode = FALSE
	EndGlobalSection
	GlobalSection(ExtensibilityGlobals) = postSolution
		SolutionGuid = {6670440A-0AB1-4303-ACC7-AD27B6AB9105}
	EndGlobalSection
EndGlobal
