<?xml version="1.0" encoding="utf-8"?>
<Project ToolsVersion="4.0" xmlns="http://schemas.microsoft.com/developer/msbuild/2003">
  <ItemGroup>
    <Filter Include="Source Files">
      <UniqueIdentifier>{4FC737F1-C7A5-4376-A066-2A32D752A2FF}</UniqueIdentifier>
      <Extensions>cpp;c;cc;cxx;c++;cppm;ixx;def;odl;idl;hpj;bat;asm;asmx</Extensions>
    </Filter>
    <Filter Include="Header Files">
      <UniqueIdentifier>{93995380-89BD-4b04-88EB-625FBE52EBFB}</UniqueIdentifier>
      <Extensions>h;hh;hpp;hxx;h++;hm;inl;inc;ipp;xsd</Extensions>
    </Filter>
    <Filter Include="Resource Files">
      <UniqueIdentifier>{67DA6AB6-F800-4c08-8B7A-83BB121AAD01}</UniqueIdentifier>
      <Extensions>rc;ico;cur;bmp;dlg;rc2;rct;bin;rgs;gif;jpg;jpeg;jpe;resx;tiff;tif;png;wav;mfcribbon-ms</Extensions>
    </Filter>
    <Filter Include="Source Files\core">
      <UniqueIdentifier>{5511de7b-2b36-4ad7-8e27-7397182bf428}</UniqueIdentifier>
    </Filter>
    <Filter Include="Source Files\core\map">
      <UniqueIdentifier>{378b1031-8e4e-4081-844a-3b383588a61f}</UniqueIdentifier>
    </Filter>
    <Filter Include="Header Files\core">
      <UniqueIdentifier>{7bff6c3c-cb61-4c5f-be0a-a1d2d606655f}</UniqueIdentifier>
    </Filter>
    <Filter Include="Header Files\core\map">
      <UniqueIdentifier>{3261c25a-b844-49b7-a030-04fb4db9703d}</UniqueIdentifier>
    </Filter>
    <Filter Include="Source Files\core\networking">
      <UniqueIdentifier>{52b627ab-309b-4ed9-95af-9dbe7b6b9500}</UniqueIdentifier>
    </Filter>
    <Filter Include="Source Files\core\networking\packets">
      <UniqueIdentifier>{e14d8c81-3dde-4519-a92c-1480344fde72}</UniqueIdentifier>
    </Filter>
    <Filter Include="Header Files\core\networking">
      <UniqueIdentifier>{654e1ebc-f9d4-4b94-8544-bb08e3e8786a}</UniqueIdentifier>
    </Filter>
    <Filter Include="Header Files\core\networking\packets">
      <UniqueIdentifier>{89094eab-b885-4c5a-909f-5bbc665f6aaa}</UniqueIdentifier>
    </Filter>
  </ItemGroup>
  <ItemGroup>
    <ClInclude Include="structs.h">
      <Filter>Header Files</Filter>
    </ClInclude>
    <ClInclude Include="main.h">
      <Filter>Header Files</Filter>
    </ClInclude>
    <ClInclude Include="defs.h">
      <Filter>Header Files</Filter>
    </ClInclude>
    <ClInclude Include="core\map\worldmap.h">
      <Filter>Header Files\core\map</Filter>
    </ClInclude>
    <ClInclude Include="core\map\cell.h">
      <Filter>Header Files\core\map</Filter>
    </ClInclude>
    <ClInclude Include="core\networking\packet.h">
      <Filter>Header Files\core\networking</Filter>
    </ClInclude>
    <ClInclude Include="core\networking\packets\loginpacket.h">
      <Filter>Header Files\core\networking\packets</Filter>
    </ClInclude>
    <ClInclude Include="core\networking\packets\loginrequestpacket.h">
      <Filter>Header Files\core\networking\packets</Filter>
    </ClInclude>
    <ClInclude Include="core\networking\connectedclient.h">
      <Filter>Header Files\core\networking</Filter>
    </ClInclude>
    <ClInclude Include="core\networking\gameserver.h">
      <Filter>Header Files\core\networking</Filter>
    </ClInclude>
  </ItemGroup>
  <ItemGroup>
    <ClCompile Include="main.cpp">
      <Filter>Source Files</Filter>
    </ClCompile>
    <ClCompile Include="core\map\worldmap.cpp">
      <Filter>Source Files\core\map</Filter>
    </ClCompile>
    <ClCompile Include="core\map\cell.cpp">
      <Filter>Source Files\core\map</Filter>
    </ClCompile>
    <ClCompile Include="core\networking\packet.cpp">
      <Filter>Source Files\core\networking</Filter>
    </ClCompile>
    <ClCompile Include="core\networking\packets\loginpacket.cpp">
      <Filter>Source Files\core\networking\packets</Filter>
    </ClCompile>
    <ClCompile Include="core\networking\packets\loginrequestpacket.cpp">
      <Filter>Source Files\core\networking\packets</Filter>
    </ClCompile>
    <ClCompile Include="core\networking\connectedclient.cpp">
      <Filter>Source Files\core\networking</Filter>
    </ClCompile>
    <ClCompile Include="core\networking\gameserver.cpp">
      <Filter>Source Files\core\networking</Filter>
    </ClCompile>
  </ItemGroup>
</Project>